
Microsoft Visual Studio Solution File, Format Version 12.00
# Visual Studio Version 17
VisualStudioVersion = 17.0.32126.317
MinimumVisualStudioVersion = 10.0.40219.1
Project("{FAE04EC0-301F-11D3-BF4B-00C04F79EFBC}") = "DependencyInjection.WinForm", "DependencyInjection.WinForm\DependencyInjection.WinForm.csproj", "{6EEB0228-E4B5-482F-83B2-563141E46F3A}"
EndProject
Global
	GlobalSection(SolutionConfigurationPlatforms) = preSolution
		Debug|Any CPU = Debug|Any CPU
		Release|Any CPU = Release|Any CPU
	EndGlobalSection
	GlobalSection(ProjectConfigurationPlatforms) = postSolution
		{6EEB0228-E4B5-482F-83B2-563141E46F3A}.Debug|Any CPU.ActiveCfg = Debug|Any CPU
		{6EEB0228-E4B5-482F-83B2-563141E46F3A}.Debug|Any CPU.Build.0 = Debug|Any CPU
		{6EEB0228-E4B5-482F-83B2-563141E46F3A}.Release|Any CPU.ActiveCfg = Release|Any CPU
		{6EEB0228-E4B5-482F-83B2-563141E46F3A}.Release|Any CPU.Build.0 = Release|Any CPU
	EndGlobalSection
	GlobalSection(SolutionProperties) = preSolution
		HideSolutionNode = FALSE
	EndGlobalSection
	GlobalSection(ExtensibilityGlobals) = postSolution
		SolutionGuid = {79894C40-FEA5-4171-A12C-14916C5EF4A8}
	EndGlobalSection
EndGlobal
